
Microsoft Visual Studio Solution File, Format Version 12.00
# Visual Studio 15
VisualStudioVersion = 15.0.28307.1082
MinimumVisualStudioVersion = 10.0.40219.1
Project("{FAE04EC0-301F-11D3-BF4B-00C04F79EFBC}") = "Datos", "Datos\Datos.csproj", "{F8DD1FBD-8405-4D0C-B9CA-3D1B974386F9}"
EndProject
Project("{FAE04EC0-301F-11D3-BF4B-00C04F79EFBC}") = "Entidades", "Entidades\Entidades.csproj", "{FB3237EB-6206-4752-85BA-6DE18EBBB5C6}"
EndProject
Project("{FAE04EC0-301F-11D3-BF4B-00C04F79EFBC}") = "Negocio", "Negocio\Negocio.csproj", "{31B08945-1CEB-45B0-81F0-2BE4370B5235}"
EndProject
Project("{FAE04EC0-301F-11D3-BF4B-00C04F79EFBC}") = "Presentacion", "Presentacion\Presentacion.csproj", "{EF41C9F5-F5F0-4DAF-A258-B940736F35B3}"
EndProject
Global
	GlobalSection(SolutionConfigurationPlatforms) = preSolution
		Debug|Any CPU = Debug|Any CPU
		Release|Any CPU = Release|Any CPU
	EndGlobalSection
	GlobalSection(ProjectConfigurationPlatforms) = postSolution
		{F8DD1FBD-8405-4D0C-B9CA-3D1B974386F9}.Debug|Any CPU.ActiveCfg = Debug|Any CPU
		{F8DD1FBD-8405-4D0C-B9CA-3D1B974386F9}.Debug|Any CPU.Build.0 = Debug|Any CPU
		{F8DD1FBD-8405-4D0C-B9CA-3D1B974386F9}.Release|Any CPU.ActiveCfg = Release|Any CPU
		{F8DD1FBD-8405-4D0C-B9CA-3D1B974386F9}.Release|Any CPU.Build.0 = Release|Any CPU
		{FB3237EB-6206-4752-85BA-6DE18EBBB5C6}.Debug|Any CPU.ActiveCfg = Debug|Any CPU
		{FB3237EB-6206-4752-85BA-6DE18EBBB5C6}.Debug|Any CPU.Build.0 = Debug|Any CPU
		{FB3237EB-6206-4752-85BA-6DE18EBBB5C6}.Release|Any CPU.ActiveCfg = Release|Any CPU
		{FB3237EB-6206-4752-85BA-6DE18EBBB5C6}.Release|Any CPU.Build.0 = Release|Any CPU
		{31B08945-1CEB-45B0-81F0-2BE4370B5235}.Debug|Any CPU.ActiveCfg = Debug|Any CPU
		{31B08945-1CEB-45B0-81F0-2BE4370B5235}.Debug|Any CPU.Build.0 = Debug|Any CPU
		{31B08945-1CEB-45B0-81F0-2BE4370B5235}.Release|Any CPU.ActiveCfg = Release|Any CPU
		{31B08945-1CEB-45B0-81F0-2BE4370B5235}.Release|Any CPU.Build.0 = Release|Any CPU
		{EF41C9F5-F5F0-4DAF-A258-B940736F35B3}.Debug|Any CPU.ActiveCfg = Debug|Any CPU
		{EF41C9F5-F5F0-4DAF-A258-B940736F35B3}.Debug|Any CPU.Build.0 = Debug|Any CPU
		{EF41C9F5-F5F0-4DAF-A258-B940736F35B3}.Release|Any CPU.ActiveCfg = Release|Any CPU
		{EF41C9F5-F5F0-4DAF-A258-B940736F35B3}.Release|Any CPU.Build.0 = Release|Any CPU
	EndGlobalSection
	GlobalSection(SolutionProperties) = preSolution
		HideSolutionNode = FALSE
	EndGlobalSection
	GlobalSection(ExtensibilityGlobals) = postSolution
		SolutionGuid = {65050B1F-1785-4C2A-9DC1-76ED75B8504E}
	EndGlobalSection
EndGlobal
